// !$*UTF8*$!
{
	archiveVersion = 1;
	classes = {
	};
	objectVersion = 46;
	objects = {

/* Begin PBXBuildFile section */
		313AFFA91D2E0184008B9D19 /* CommandLine.swift in Sources */ = {isa = PBXBuildFile; fileRef = 313AFFA21D2E0184008B9D19 /* CommandLine.swift */; };
		313AFFAA1D2E0184008B9D19 /* Option.swift in Sources */ = {isa = PBXBuildFile; fileRef = 313AFFA41D2E0184008B9D19 /* Option.swift */; };
		313AFFAB1D2E0184008B9D19 /* StringExtensions.swift in Sources */ = {isa = PBXBuildFile; fileRef = 313AFFA51D2E0184008B9D19 /* StringExtensions.swift */; };
		313AFFAC1D2E0184008B9D19 /* commandline_parser.swift in Sources */ = {isa = PBXBuildFile; fileRef = 313AFFA61D2E0184008B9D19 /* commandline_parser.swift */; };
		313AFFAD1D2E0184008B9D19 /* controller.swift in Sources */ = {isa = PBXBuildFile; fileRef = 313AFFA71D2E0184008B9D19 /* controller.swift */; };
		313AFFAE1D2E0184008B9D19 /* main.swift in Sources */ = {isa = PBXBuildFile; fileRef = 313AFFA81D2E0184008B9D19 /* main.swift */; };
/* End PBXBuildFile section */

/* Begin PBXCopyFilesBuildPhase section */
		313AFF941D2E013D008B9D19 /* CopyFiles */ = {
			isa = PBXCopyFilesBuildPhase;
			buildActionMask = 2147483647;
			dstPath = /usr/share/man/man1/;
			dstSubfolderSpec = 0;
			files = (
			);
			runOnlyForDeploymentPostprocessing = 1;
		};
/* End PBXCopyFilesBuildPhase section */

/* Begin PBXFileReference section */
		313AFF961D2E013D008B9D19 /* wkpdf */ = {isa = PBXFileReference; explicitFileType = "compiled.mach-o.executable"; includeInIndex = 0; path = wkpdf; sourceTree = BUILT_PRODUCTS_DIR; };
		313AFFA21D2E0184008B9D19 /* CommandLine.swift */ = {isa = PBXFileReference; fileEncoding = 4; lastKnownFileType = sourcecode.swift; path = CommandLine.swift; sourceTree = "<group>"; };
		313AFFA31D2E0184008B9D19 /* LICENSE */ = {isa = PBXFileReference; fileEncoding = 4; lastKnownFileType = text; path = LICENSE; sourceTree = "<group>"; };
		313AFFA41D2E0184008B9D19 /* Option.swift */ = {isa = PBXFileReference; fileEncoding = 4; lastKnownFileType = sourcecode.swift; path = Option.swift; sourceTree = "<group>"; };
		313AFFA51D2E0184008B9D19 /* StringExtensions.swift */ = {isa = PBXFileReference; fileEncoding = 4; lastKnownFileType = sourcecode.swift; path = StringExtensions.swift; sourceTree = "<group>"; };
		313AFFA61D2E0184008B9D19 /* commandline_parser.swift */ = {isa = PBXFileReference; fileEncoding = 4; lastKnownFileType = sourcecode.swift; path = commandline_parser.swift; sourceTree = "<group>"; };
		313AFFA71D2E0184008B9D19 /* controller.swift */ = {isa = PBXFileReference; fileEncoding = 4; lastKnownFileType = sourcecode.swift; path = controller.swift; sourceTree = "<group>"; };
		313AFFA81D2E0184008B9D19 /* main.swift */ = {isa = PBXFileReference; fileEncoding = 4; lastKnownFileType = sourcecode.swift; path = main.swift; sourceTree = "<group>"; };
/* End PBXFileReference section */

/* Begin PBXFrameworksBuildPhase section */
		313AFF931D2E013D008B9D19 /* Frameworks */ = {
			isa = PBXFrameworksBuildPhase;
			buildActionMask = 2147483647;
			files = (
			);
			runOnlyForDeploymentPostprocessing = 0;
		};
/* End PBXFrameworksBuildPhase section */

/* Begin PBXGroup section */
		313AFF8D1D2E013D008B9D19 = {
			isa = PBXGroup;
			children = (
				313AFFA01D2E0184008B9D19 /* src */,
				313AFF971D2E013D008B9D19 /* Products */,
			);
			sourceTree = "<group>";
		};
		313AFF971D2E013D008B9D19 /* Products */ = {
			isa = PBXGroup;
			children = (
				313AFF961D2E013D008B9D19 /* wkpdf */,
			);
			name = Products;
			sourceTree = "<group>";
		};
		313AFFA01D2E0184008B9D19 /* src */ = {
			isa = PBXGroup;
			children = (
				313AFFA11D2E0184008B9D19 /* CommandLine */,
				313AFFA61D2E0184008B9D19 /* commandline_parser.swift */,
				313AFFA71D2E0184008B9D19 /* controller.swift */,
				313AFFA81D2E0184008B9D19 /* main.swift */,
			);
			path = src;
			sourceTree = "<group>";
		};
		313AFFA11D2E0184008B9D19 /* CommandLine */ = {
			isa = PBXGroup;
			children = (
				313AFFA21D2E0184008B9D19 /* CommandLine.swift */,
				313AFFA31D2E0184008B9D19 /* LICENSE */,
				313AFFA41D2E0184008B9D19 /* Option.swift */,
				313AFFA51D2E0184008B9D19 /* StringExtensions.swift */,
			);
			path = CommandLine;
			sourceTree = "<group>";
		};
/* End PBXGroup section */

/* Begin PBXNativeTarget section */
		313AFF951D2E013D008B9D19 /* wkpdf */ = {
			isa = PBXNativeTarget;
			buildConfigurationList = 313AFF9D1D2E013D008B9D19 /* Build configuration list for PBXNativeTarget "wkpdf" */;
			buildPhases = (
				313AFF921D2E013D008B9D19 /* Sources */,
				313AFF931D2E013D008B9D19 /* Frameworks */,
				313AFF941D2E013D008B9D19 /* CopyFiles */,
			);
			buildRules = (
			);
			dependencies = (
			);
			name = wkpdf;
			productName = wkpdf;
			productReference = 313AFF961D2E013D008B9D19 /* wkpdf */;
			productType = "com.apple.product-type.tool";
		};
/* End PBXNativeTarget section */

/* Begin PBXProject section */
		313AFF8E1D2E013D008B9D19 /* Project object */ = {
			isa = PBXProject;
			attributes = {
				LastSwiftUpdateCheck = 0730;
				LastUpgradeCheck = 0730;
				TargetAttributes = {
					313AFF951D2E013D008B9D19 = {
						CreatedOnToolsVersion = 7.3.1;
					};
				};
			};
			buildConfigurationList = 313AFF911D2E013D008B9D19 /* Build configuration list for PBXProject "wkpdf" */;
			compatibilityVersion = "Xcode 3.2";
			developmentRegion = English;
			hasScannedForEncodings = 0;
			knownRegions = (
				en,
			);
			mainGroup = 313AFF8D1D2E013D008B9D19;
			productRefGroup = 313AFF971D2E013D008B9D19 /* Products */;
			projectDirPath = "";
			projectRoot = "";
			targets = (
				313AFF951D2E013D008B9D19 /* wkpdf */,
			);
		};
/* End PBXProject section */

/* Begin PBXSourcesBuildPhase section */
		313AFF921D2E013D008B9D19 /* Sources */ = {
			isa = PBXSourcesBuildPhase;
			buildActionMask = 2147483647;
			files = (
				313AFFAB1D2E0184008B9D19 /* StringExtensions.swift in Sources */,
				313AFFAD1D2E0184008B9D19 /* controller.swift in Sources */,
				313AFFAE1D2E0184008B9D19 /* main.swift in Sources */,
				313AFFAA1D2E0184008B9D19 /* Option.swift in Sources */,
				313AFFAC1D2E0184008B9D19 /* commandline_parser.swift in Sources */,
				313AFFA91D2E0184008B9D19 /* CommandLine.swift in Sources */,
			);
			runOnlyForDeploymentPostprocessing = 0;
		};
/* End PBXSourcesBuildPhase section */

/* Begin XCBuildConfiguration section */
		313AFF9B1D2E013D008B9D19 /* Debug */ = {
			isa = XCBuildConfiguration;
			buildSettings = {
				ALWAYS_SEARCH_USER_PATHS = NO;
				CLANG_ANALYZER_NONNULL = YES;
				CLANG_CXX_LANGUAGE_STANDARD = "gnu++0x";
				CLANG_CXX_LIBRARY = "libc++";
				CLANG_ENABLE_MODULES = YES;
				CLANG_ENABLE_OBJC_ARC = YES;
				CLANG_WARN_BOOL_CONVERSION = YES;
				CLANG_WARN_CONSTANT_CONVERSION = YES;
				CLANG_WARN_DIRECT_OBJC_ISA_USAGE = YES_ERROR;
				CLANG_WARN_EMPTY_BODY = YES;
				CLANG_WARN_ENUM_CONVERSION = YES;
				CLANG_WARN_INT_CONVERSION = YES;
				CLANG_WARN_OBJC_ROOT_CLASS = YES_ERROR;
				CLANG_WARN_UNREACHABLE_CODE = YES;
				CLANG_WARN__DUPLICATE_METHOD_MATCH = YES;
				CODE_SIGN_IDENTITY = "-";
				COPY_PHASE_STRIP = NO;
				DEBUG_INFORMATION_FORMAT = dwarf;
				ENABLE_STRICT_OBJC_MSGSEND = YES;
				ENABLE_TESTABILITY = YES;
				GCC_C_LANGUAGE_STANDARD = gnu99;
				GCC_DYNAMIC_NO_PIC = NO;
				GCC_NO_COMMON_BLOCKS = YES;
				GCC_OPTIMIZATION_LEVEL = 0;
				GCC_PREPROCESSOR_DEFINITIONS = (
					"DEBUG=1",
					"$(inherited)",
				);
				GCC_WARN_64_TO_32_BIT_CONVERSION = YES;
				GCC_WARN_ABOUT_RETURN_TYPE = YES_ERROR;
				GCC_WARN_UNDECLARED_SELECTOR = YES;
				GCC_WARN_UNINITIALIZED_AUTOS = YES_AGGRESSIVE;
				GCC_WARN_UNUSED_FUNCTION = YES;
				GCC_WARN_UNUSED_VARIABLE = YES;
				MACOSX_DEPLOYMENT_TARGET = 10.11;
				MTL_ENABLE_DEBUG_INFO = YES;
				ONLY_ACTIVE_ARCH = YES;
				SDKROOT = macosx;
				SWIFT_OPTIMIZATION_LEVEL = "-Onone";
			};
			name = Debug;
		};
		313AFF9C1D2E013D008B9D19 /* Release */ = {
			isa = XCBuildConfiguration;
			buildSettings = {
				ALWAYS_SEARCH_USER_PATHS = NO;
				CLANG_ANALYZER_NONNULL = YES;
				CLANG_CXX_LANGUAGE_STANDARD = "gnu++0x";
				CLANG_CXX_LIBRARY = "libc++";
				CLANG_ENABLE_MODULES = YES;
				CLANG_ENABLE_OBJC_ARC = YES;
				CLANG_WARN_BOOL_CONVERSION = YES;
				CLANG_WARN_CONSTANT_CONVERSION = YES;
				CLANG_WARN_DIRECT_OBJC_ISA_USAGE = YES_ERROR;
				CLANG_WARN_EMPTY_BODY = YES;
				CLANG_WARN_ENUM_CONVERSION = YES;
				CLANG_WARN_INT_CONVERSION = YES;
				CLANG_WARN_OBJC_ROOT_CLASS = YES_ERROR;
				CLANG_WARN_UNREACHABLE_CODE = YES;
				CLANG_WARN__DUPLICATE_METHOD_MATCH = YES;
				CODE_SIGN_IDENTITY = "-";
				COPY_PHASE_STRIP = NO;
				DEBUG_INFORMATION_FORMAT = "dwarf-with-dsym";
				ENABLE_NS_ASSERTIONS = NO;
				ENABLE_STRICT_OBJC_MSGSEND = YES;
				GCC_C_LANGUAGE_STANDARD = gnu99;
				GCC_NO_COMMON_BLOCKS = YES;
				GCC_WARN_64_TO_32_BIT_CONVERSION = YES;
				GCC_WARN_ABOUT_RETURN_TYPE = YES_ERROR;
				GCC_WARN_UNDECLARED_SELECTOR = YES;
				GCC_WARN_UNINITIALIZED_AUTOS = YES_AGGRESSIVE;
				GCC_WARN_UNUSED_FUNCTION = YES;
				GCC_WARN_UNUSED_VARIABLE = YES;
				MACOSX_DEPLOYMENT_TARGET = 10.11;
				MTL_ENABLE_DEBUG_INFO = NO;
				SDKROOT = macosx;
			};
			name = Release;
		};
		313AFF9E1D2E013D008B9D19 /* Debug */ = {
			isa = XCBuildConfiguration;
			buildSettings = {
				MACOSX_DEPLOYMENT_TARGET = 10.9;
				PRODUCT_NAME = "$(TARGET_NAME)";
			};
			name = Debug;
		};
		313AFF9F1D2E013D008B9D19 /* Release */ = {
			isa = XCBuildConfiguration;
			buildSettings = {
				MACOSX_DEPLOYMENT_TARGET = 10.9;
				PRODUCT_NAME = "$(TARGET_NAME)";
			};
			name = Release;
		};
/* End XCBuildConfiguration section */

/* Begin XCConfigurationList section */
		313AFF911D2E013D008B9D19 /* Build configuration list for PBXProject "wkpdf" */ = {
			isa = XCConfigurationList;
			buildConfigurations = (
				313AFF9B1D2E013D008B9D19 /* Debug */,
				313AFF9C1D2E013D008B9D19 /* Release */,
			);
			defaultConfigurationIsVisible = 0;
			defaultConfigurationName = Release;
		};
		313AFF9D1D2E013D008B9D19 /* Build configuration list for PBXNativeTarget "wkpdf" */ = {
			isa = XCConfigurationList;
			buildConfigurations = (
				313AFF9E1D2E013D008B9D19 /* Debug */,
				313AFF9F1D2E013D008B9D19 /* Release */,
			);
			defaultConfigurationIsVisible = 0;
			defaultConfigurationName = Release;
		};
/* End XCConfigurationList section */
	};
	rootObject = 313AFF8E1D2E013D008B9D19 /* Project object */;
}
